
Microsoft Visual Studio Solution File, Format Version 12.00
# Visual Studio 15
VisualStudioVersion = 15.0.28307.421
MinimumVisualStudioVersion = 10.0.40219.1
Project("{FAE04EC0-301F-11D3-BF4B-00C04F79EFBC}") = "DataTransferToView", "DataTransferToView\DataTransferToView.csproj", "{63593668-B5D2-4A33-B4B5-771C8BAA0DA9}"
EndProject
Global
	GlobalSection(SolutionConfigurationPlatforms) = preSolution
		Debug|Any CPU = Debug|Any CPU
		Release|Any CPU = Release|Any CPU
	EndGlobalSection
	GlobalSection(ProjectConfigurationPlatforms) = postSolution
		{63593668-B5D2-4A33-B4B5-771C8BAA0DA9}.Debug|Any CPU.ActiveCfg = Debug|Any CPU
		{63593668-B5D2-4A33-B4B5-771C8BAA0DA9}.Debug|Any CPU.Build.0 = Debug|Any CPU
		{63593668-B5D2-4A33-B4B5-771C8BAA0DA9}.Release|Any CPU.ActiveCfg = Release|Any CPU
		{63593668-B5D2-4A33-B4B5-771C8BAA0DA9}.Release|Any CPU.Build.0 = Release|Any CPU
	EndGlobalSection
	GlobalSection(SolutionProperties) = preSolution
		HideSolutionNode = FALSE
	EndGlobalSection
	GlobalSection(ExtensibilityGlobals) = postSolution
		SolutionGuid = {E503D7AE-B588-42BF-A094-AD077B73132D}
	EndGlobalSection
EndGlobal
